// !$*UTF8*$!
{
	archiveVersion = 1;
	classes = {
	};
	objectVersion = 55;
	objects = {

/* Begin PBXBuildFile section */
		BD9CEA332864F92200E2AD09 /* AppDelegate.swift in Sources */ = {isa = PBXBuildFile; fileRef = BD9CEA322864F92200E2AD09 /* AppDelegate.swift */; };
		BD9CEA352864F92200E2AD09 /* SceneDelegate.swift in Sources */ = {isa = PBXBuildFile; fileRef = BD9CEA342864F92200E2AD09 /* SceneDelegate.swift */; };
		BD9CEA372864F92200E2AD09 /* ViewController.swift in Sources */ = {isa = PBXBuildFile; fileRef = BD9CEA362864F92200E2AD09 /* ViewController.swift */; };
		BD9CEA3A2864F92200E2AD09 /* Main.storyboard in Resources */ = {isa = PBXBuildFile; fileRef = BD9CEA382864F92200E2AD09 /* Main.storyboard */; };
		BD9CEA3C2864F92500E2AD09 /* Assets.xcassets in Resources */ = {isa = PBXBuildFile; fileRef = BD9CEA3B2864F92500E2AD09 /* Assets.xcassets */; };
		BD9CEA3F2864F92500E2AD09 /* LaunchScreen.storyboard in Resources */ = {isa = PBXBuildFile; fileRef = BD9CEA3D2864F92500E2AD09 /* LaunchScreen.storyboard */; };
		BD9CEA512865051E00E2AD09 /* BookViewController.swift in Sources */ = {isa = PBXBuildFile; fileRef = BD9CEA502865051E00E2AD09 /* BookViewController.swift */; };
		BD9CEA53286505C700E2AD09 /* ElementViewController.swift in Sources */ = {isa = PBXBuildFile; fileRef = BD9CEA52286505C700E2AD09 /* ElementViewController.swift */; };
		BD9CEA5528650A2A00E2AD09 /* CharViewController.swift in Sources */ = {isa = PBXBuildFile; fileRef = BD9CEA5428650A2A00E2AD09 /* CharViewController.swift */; };
/* End PBXBuildFile section */

/* Begin PBXFileReference section */
		BD9CEA2F2864F92200E2AD09 /* AvatarQuiz.app */ = {isa = PBXFileReference; explicitFileType = wrapper.application; includeInIndex = 0; path = AvatarQuiz.app; sourceTree = BUILT_PRODUCTS_DIR; };
		BD9CEA322864F92200E2AD09 /* AppDelegate.swift */ = {isa = PBXFileReference; lastKnownFileType = sourcecode.swift; path = AppDelegate.swift; sourceTree = "<group>"; };
		BD9CEA342864F92200E2AD09 /* SceneDelegate.swift */ = {isa = PBXFileReference; lastKnownFileType = sourcecode.swift; path = SceneDelegate.swift; sourceTree = "<group>"; };
		BD9CEA362864F92200E2AD09 /* ViewController.swift */ = {isa = PBXFileReference; lastKnownFileType = sourcecode.swift; path = ViewController.swift; sourceTree = "<group>"; };
		BD9CEA392864F92200E2AD09 /* Base */ = {isa = PBXFileReference; lastKnownFileType = file.storyboard; name = Base; path = Base.lproj/Main.storyboard; sourceTree = "<group>"; };
		BD9CEA3B2864F92500E2AD09 /* Assets.xcassets */ = {isa = PBXFileReference; lastKnownFileType = folder.assetcatalog; path = Assets.xcassets; sourceTree = "<group>"; };
		BD9CEA3E2864F92500E2AD09 /* Base */ = {isa = PBXFileReference; lastKnownFileType = file.storyboard; name = Base; path = Base.lproj/LaunchScreen.storyboard; sourceTree = "<group>"; };
		BD9CEA402864F92500E2AD09 /* Info.plist */ = {isa = PBXFileReference; lastKnownFileType = text.plist.xml; path = Info.plist; sourceTree = "<group>"; };
		BD9CEA502865051E00E2AD09 /* BookViewController.swift */ = {isa = PBXFileReference; lastKnownFileType = sourcecode.swift; path = BookViewController.swift; sourceTree = "<group>"; };
		BD9CEA52286505C700E2AD09 /* ElementViewController.swift */ = {isa = PBXFileReference; lastKnownFileType = sourcecode.swift; path = ElementViewController.swift; sourceTree = "<group>"; };
		BD9CEA5428650A2A00E2AD09 /* CharViewController.swift */ = {isa = PBXFileReference; lastKnownFileType = sourcecode.swift; path = CharViewController.swift; sourceTree = "<group>"; };
/* End PBXFileReference section */

/* Begin PBXFrameworksBuildPhase section */
		BD9CEA2C2864F92200E2AD09 /* Frameworks */ = {
			isa = PBXFrameworksBuildPhase;
			buildActionMask = 2147483647;
			files = (
			);
			runOnlyForDeploymentPostprocessing = 0;
		};
/* End PBXFrameworksBuildPhase section */

/* Begin PBXGroup section */
		BD9CEA262864F92200E2AD09 = {
			isa = PBXGroup;
			children = (
				BD9CEA312864F92200E2AD09 /* AvatarQuiz */,
				BD9CEA302864F92200E2AD09 /* Products */,
			);
			sourceTree = "<group>";
		};
		BD9CEA302864F92200E2AD09 /* Products */ = {
			isa = PBXGroup;
			children = (
				BD9CEA2F2864F92200E2AD09 /* AvatarQuiz.app */,
			);
			name = Products;
			sourceTree = "<group>";
		};
		BD9CEA312864F92200E2AD09 /* AvatarQuiz */ = {
			isa = PBXGroup;
			children = (
				BD9CEA322864F92200E2AD09 /* AppDelegate.swift */,
				BD9CEA342864F92200E2AD09 /* SceneDelegate.swift */,
				BD9CEA362864F92200E2AD09 /* ViewController.swift */,
				BD9CEA382864F92200E2AD09 /* Main.storyboard */,
				BD9CEA5428650A2A00E2AD09 /* CharViewController.swift */,
				BD9CEA52286505C700E2AD09 /* ElementViewController.swift */,
				BD9CEA502865051E00E2AD09 /* BookViewController.swift */,
				BD9CEA3B2864F92500E2AD09 /* Assets.xcassets */,
				BD9CEA3D2864F92500E2AD09 /* LaunchScreen.storyboard */,
				BD9CEA402864F92500E2AD09 /* Info.plist */,
			);
			path = AvatarQuiz;
			sourceTree = "<group>";
		};
/* End PBXGroup section */

/* Begin PBXNativeTarget section */
		BD9CEA2E2864F92200E2AD09 /* AvatarQuiz */ = {
			isa = PBXNativeTarget;
			buildConfigurationList = BD9CEA432864F92500E2AD09 /* Build configuration list for PBXNativeTarget "AvatarQuiz" */;
			buildPhases = (
				BD9CEA2B2864F92200E2AD09 /* Sources */,
				BD9CEA2C2864F92200E2AD09 /* Frameworks */,
				BD9CEA2D2864F92200E2AD09 /* Resources */,
			);
			buildRules = (
			);
			dependencies = (
			);
			name = AvatarQuiz;
			productName = AvatarQuiz;
			productReference = BD9CEA2F2864F92200E2AD09 /* AvatarQuiz.app */;
			productType = "com.apple.product-type.application";
		};
/* End PBXNativeTarget section */

/* Begin PBXProject section */
		BD9CEA272864F92200E2AD09 /* Project object */ = {
			isa = PBXProject;
			attributes = {
				BuildIndependentTargetsInParallel = 1;
				LastSwiftUpdateCheck = 1340;
				LastUpgradeCheck = 1340;
				TargetAttributes = {
					BD9CEA2E2864F92200E2AD09 = {
						CreatedOnToolsVersion = 13.4.1;
					};
				};
			};
			buildConfigurationList = BD9CEA2A2864F92200E2AD09 /* Build configuration list for PBXProject "AvatarQuiz" */;
			compatibilityVersion = "Xcode 13.0";
			developmentRegion = en;
			hasScannedForEncodings = 0;
			knownRegions = (
				en,
				Base,
			);
			mainGroup = BD9CEA262864F92200E2AD09;
			productRefGroup = BD9CEA302864F92200E2AD09 /* Products */;
			projectDirPath = "";
			projectRoot = "";
			targets = (
				BD9CEA2E2864F92200E2AD09 /* AvatarQuiz */,
			);
		};
/* End PBXProject section */

/* Begin PBXResourcesBuildPhase section */
		BD9CEA2D2864F92200E2AD09 /* Resources */ = {
			isa = PBXResourcesBuildPhase;
			buildActionMask = 2147483647;
			files = (
				BD9CEA3F2864F92500E2AD09 /* LaunchScreen.storyboard in Resources */,
				BD9CEA3C2864F92500E2AD09 /* Assets.xcassets in Resources */,
				BD9CEA3A2864F92200E2AD09 /* Main.storyboard in Resources */,
			);
			runOnlyForDeploymentPostprocessing = 0;
		};
/* End PBXResourcesBuildPhase section */

/* Begin PBXSourcesBuildPhase section */
		BD9CEA2B2864F92200E2AD09 /* Sources */ = {
			isa = PBXSourcesBuildPhase;
			buildActionMask = 2147483647;
			files = (
				BD9CEA53286505C700E2AD09 /* ElementViewController.swift in Sources */,
				BD9CEA372864F92200E2AD09 /* ViewController.swift in Sources */,
				BD9CEA512865051E00E2AD09 /* BookViewController.swift in Sources */,
				BD9CEA332864F92200E2AD09 /* AppDelegate.swift in Sources */,
				BD9CEA5528650A2A00E2AD09 /* CharViewController.swift in Sources */,
				BD9CEA352864F92200E2AD09 /* SceneDelegate.swift in Sources */,
			);
			runOnlyForDeploymentPostprocessing = 0;
		};
/* End PBXSourcesBuildPhase section */

/* Begin PBXVariantGroup section */
		BD9CEA382864F92200E2AD09 /* Main.storyboard */ = {
			isa = PBXVariantGroup;
			children = (
				BD9CEA392864F92200E2AD09 /* Base */,
			);
			name = Main.storyboard;
			sourceTree = "<group>";
		};
		BD9CEA3D2864F92500E2AD09 /* LaunchScreen.storyboard */ = {
			isa = PBXVariantGroup;
			children = (
				BD9CEA3E2864F92500E2AD09 /* Base */,
			);
			name = LaunchScreen.storyboard;
			sourceTree = "<group>";
		};
/* End PBXVariantGroup section */

/* Begin XCBuildConfiguration section */
		BD9CEA412864F92500E2AD09 /* Debug */ = {
			isa = XCBuildConfiguration;
			buildSettings = {
				ALWAYS_SEARCH_USER_PATHS = NO;
				CLANG_ANALYZER_NONNULL = YES;
				CLANG_ANALYZER_NUMBER_OBJECT_CONVERSION = YES_AGGRESSIVE;
				CLANG_CXX_LANGUAGE_STANDARD = "gnu++17";
				CLANG_ENABLE_MODULES = YES;
				CLANG_ENABLE_OBJC_ARC = YES;
				CLANG_ENABLE_OBJC_WEAK = YES;
				CLANG_WARN_BLOCK_CAPTURE_AUTORELEASING = YES;
				CLANG_WARN_BOOL_CONVERSION = YES;
				CLANG_WARN_COMMA = YES;
				CLANG_WARN_CONSTANT_CONVERSION = YES;
				CLANG_WARN_DEPRECATED_OBJC_IMPLEMENTATIONS = YES;
				CLANG_WARN_DIRECT_OBJC_ISA_USAGE = YES_ERROR;
				CLANG_WARN_DOCUMENTATION_COMMENTS = YES;
				CLANG_WARN_EMPTY_BODY = YES;
				CLANG_WARN_ENUM_CONVERSION = YES;
				CLANG_WARN_INFINITE_RECURSION = YES;
				CLANG_WARN_INT_CONVERSION = YES;
				CLANG_WARN_NON_LITERAL_NULL_CONVERSION = YES;
				CLANG_WARN_OBJC_IMPLICIT_RETAIN_SELF = YES;
				CLANG_WARN_OBJC_LITERAL_CONVERSION = YES;
				CLANG_WARN_OBJC_ROOT_CLASS = YES_ERROR;
				CLANG_WARN_QUOTED_INCLUDE_IN_FRAMEWORK_HEADER = YES;
				CLANG_WARN_RANGE_LOOP_ANALYSIS = YES;
				CLANG_WARN_STRICT_PROTOTYPES = YES;
				CLANG_WARN_SUSPICIOUS_MOVE = YES;
				CLANG_WARN_UNGUARDED_AVAILABILITY = YES_AGGRESSIVE;
				CLANG_WARN_UNREACHABLE_CODE = YES;
				CLANG_WARN__DUPLICATE_METHOD_MATCH = YES;
				COPY_PHASE_STRIP = NO;
				DEBUG_INFORMATION_FORMAT = dwarf;
				ENABLE_STRICT_OBJC_MSGSEND = YES;
				ENABLE_TESTABILITY = YES;
				GCC_C_LANGUAGE_STANDARD = gnu11;
				GCC_DYNAMIC_NO_PIC = NO;
				GCC_NO_COMMON_BLOCKS = YES;
				GCC_OPTIMIZATION_LEVEL = 0;
				GCC_PREPROCESSOR_DEFINITIONS = (
					"DEBUG=1",
					"$(inherited)",
				);
				GCC_WARN_64_TO_32_BIT_CONVERSION = YES;
				GCC_WARN_ABOUT_RETURN_TYPE = YES_ERROR;
				GCC_WARN_UNDECLARED_SELECTOR = YES;
				GCC_WARN_UNINITIALIZED_AUTOS = YES_AGGRESSIVE;
				GCC_WARN_UNUSED_FUNCTION = YES;
				GCC_WARN_UNUSED_VARIABLE = YES;
				IPHONEOS_DEPLOYMENT_TARGET = 15.5;
				MTL_ENABLE_DEBUG_INFO = INCLUDE_SOURCE;
				MTL_FAST_MATH = YES;
				ONLY_ACTIVE_ARCH = YES;
				SDKROOT = iphoneos;
				SWIFT_ACTIVE_COMPILATION_CONDITIONS = DEBUG;
				SWIFT_OPTIMIZATION_LEVEL = "-Onone";
			};
			name = Debug;
		};
		BD9CEA422864F92500E2AD09 /* Release */ = {
			isa = XCBuildConfiguration;
			buildSettings = {
				ALWAYS_SEARCH_USER_PATHS = NO;
				CLANG_ANALYZER_NONNULL = YES;
				CLANG_ANALYZER_NUMBER_OBJECT_CONVERSION = YES_AGGRESSIVE;
				CLANG_CXX_LANGUAGE_STANDARD = "gnu++17";
				CLANG_ENABLE_MODULES = YES;
				CLANG_ENABLE_OBJC_ARC = YES;
				CLANG_ENABLE_OBJC_WEAK = YES;
				CLANG_WARN_BLOCK_CAPTURE_AUTORELEASING = YES;
				CLANG_WARN_BOOL_CONVERSION = YES;
				CLANG_WARN_COMMA = YES;
				CLANG_WARN_CONSTANT_CONVERSION = YES;
				CLANG_WARN_DEPRECATED_OBJC_IMPLEMENTATIONS = YES;
				CLANG_WARN_DIRECT_OBJC_ISA_USAGE = YES_ERROR;
				CLANG_WARN_DOCUMENTATION_COMMENTS = YES;
				CLANG_WARN_EMPTY_BODY = YES;
				CLANG_WARN_ENUM_CONVERSION = YES;
				CLANG_WARN_INFINITE_RECURSION = YES;
				CLANG_WARN_INT_CONVERSION = YES;
				CLANG_WARN_NON_LITERAL_NULL_CONVERSION = YES;
				CLANG_WARN_OBJC_IMPLICIT_RETAIN_SELF = YES;
				CLANG_WARN_OBJC_LITERAL_CONVERSION = YES;
				CLANG_WARN_OBJC_ROOT_CLASS = YES_ERROR;
				CLANG_WARN_QUOTED_INCLUDE_IN_FRAMEWORK_HEADER = YES;
				CLANG_WARN_RANGE_LOOP_ANALYSIS = YES;
				CLANG_WARN_STRICT_PROTOTYPES = YES;
				CLANG_WARN_SUSPICIOUS_MOVE = YES;
				CLANG_WARN_UNGUARDED_AVAILABILITY = YES_AGGRESSIVE;
				CLANG_WARN_UNREACHABLE_CODE = YES;
				CLANG_WARN__DUPLICATE_METHOD_MATCH = YES;
				COPY_PHASE_STRIP = NO;
				DEBUG_INFORMATION_FORMAT = "dwarf-with-dsym";
				ENABLE_NS_ASSERTIONS = NO;
				ENABLE_STRICT_OBJC_MSGSEND = YES;
				GCC_C_LANGUAGE_STANDARD = gnu11;
				GCC_NO_COMMON_BLOCKS = YES;
				GCC_WARN_64_TO_32_BIT_CONVERSION = YES;
				GCC_WARN_ABOUT_RETURN_TYPE = YES_ERROR;
				GCC_WARN_UNDECLARED_SELECTOR = YES;
				GCC_WARN_UNINITIALIZED_AUTOS = YES_AGGRESSIVE;
				GCC_WARN_UNUSED_FUNCTION = YES;
				GCC_WARN_UNUSED_VARIABLE = YES;
				IPHONEOS_DEPLOYMENT_TARGET = 15.5;
				MTL_ENABLE_DEBUG_INFO = NO;
				MTL_FAST_MATH = YES;
				SDKROOT = iphoneos;
				SWIFT_COMPILATION_MODE = wholemodule;
				SWIFT_OPTIMIZATION_LEVEL = "-O";
				VALIDATE_PRODUCT = YES;
			};
			name = Release;
		};
		BD9CEA442864F92500E2AD09 /* Debug */ = {
			isa = XCBuildConfiguration;
			buildSettings = {
				ASSETCATALOG_COMPILER_APPICON_NAME = AppIcon;
				ASSETCATALOG_COMPILER_GLOBAL_ACCENT_COLOR_NAME = AccentColor;
				CODE_SIGN_STYLE = Automatic;
				CURRENT_PROJECT_VERSION = 1;
				DEVELOPMENT_TEAM = PUB33CJ49Y;
				GENERATE_INFOPLIST_FILE = YES;
				INFOPLIST_FILE = AvatarQuiz/Info.plist;
				INFOPLIST_KEY_UIApplicationSupportsIndirectInputEvents = YES;
				INFOPLIST_KEY_UILaunchStoryboardName = LaunchScreen;
				INFOPLIST_KEY_UIMainStoryboardFile = Main;
				INFOPLIST_KEY_UISupportedInterfaceOrientations_iPad = "UIInterfaceOrientationPortrait UIInterfaceOrientationPortraitUpsideDown UIInterfaceOrientationLandscapeLeft UIInterfaceOrientationLandscapeRight";
				INFOPLIST_KEY_UISupportedInterfaceOrientations_iPhone = "UIInterfaceOrientationPortrait UIInterfaceOrientationLandscapeLeft UIInterfaceOrientationLandscapeRight";
				LD_RUNPATH_SEARCH_PATHS = (
					"$(inherited)",
					"@executable_path/Frameworks",
				);
				MARKETING_VERSION = 1.0;
				PRODUCT_BUNDLE_IDENTIFIER = KWK.AvatarQuiz;
				PRODUCT_NAME = "$(TARGET_NAME)";
				SWIFT_EMIT_LOC_STRINGS = YES;
				SWIFT_VERSION = 5.0;
				TARGETED_DEVICE_FAMILY = "1,2";
			};
			name = Debug;
		};
		BD9CEA452864F92500E2AD09 /* Release */ = {
			isa = XCBuildConfiguration;
			buildSettings = {
				ASSETCATALOG_COMPILER_APPICON_NAME = AppIcon;
				ASSETCATALOG_COMPILER_GLOBAL_ACCENT_COLOR_NAME = AccentColor;
				CODE_SIGN_STYLE = Automatic;
				CURRENT_PROJECT_VERSION = 1;
				DEVELOPMENT_TEAM = PUB33CJ49Y;
				GENERATE_INFOPLIST_FILE = YES;
				INFOPLIST_FILE = AvatarQuiz/Info.plist;
				INFOPLIST_KEY_UIApplicationSupportsIndirectInputEvents = YES;
				INFOPLIST_KEY_UILaunchStoryboardName = LaunchScreen;
				INFOPLIST_KEY_UIMainStoryboardFile = Main;
				INFOPLIST_KEY_UISupportedInterfaceOrientations_iPad = "UIInterfaceOrientationPortrait UIInterfaceOrientationPortraitUpsideDown UIInterfaceOrientationLandscapeLeft UIInterfaceOrientationLandscapeRight";
				INFOPLIST_KEY_UISupportedInterfaceOrientations_iPhone = "UIInterfaceOrientationPortrait UIInterfaceOrientationLandscapeLeft UIInterfaceOrientationLandscapeRight";
				LD_RUNPATH_SEARCH_PATHS = (
					"$(inherited)",
					"@executable_path/Frameworks",
				);
				MARKETING_VERSION = 1.0;
				PRODUCT_BUNDLE_IDENTIFIER = KWK.AvatarQuiz;
				PRODUCT_NAME = "$(TARGET_NAME)";
				SWIFT_EMIT_LOC_STRINGS = YES;
				SWIFT_VERSION = 5.0;
				TARGETED_DEVICE_FAMILY = "1,2";
			};
			name = Release;
		};
/* End XCBuildConfiguration section */

/* Begin XCConfigurationList section */
		BD9CEA2A2864F92200E2AD09 /* Build configuration list for PBXProject "AvatarQuiz" */ = {
			isa = XCConfigurationList;
			buildConfigurations = (
				BD9CEA412864F92500E2AD09 /* Debug */,
				BD9CEA422864F92500E2AD09 /* Release */,
			);
			defaultConfigurationIsVisible = 0;
			defaultConfigurationName = Release;
		};
		BD9CEA432864F92500E2AD09 /* Build configuration list for PBXNativeTarget "AvatarQuiz" */ = {
			isa = XCConfigurationList;
			buildConfigurations = (
				BD9CEA442864F92500E2AD09 /* Debug */,
				BD9CEA452864F92500E2AD09 /* Release */,
			);
			defaultConfigurationIsVisible = 0;
			defaultConfigurationName = Release;
		};
/* End XCConfigurationList section */
	};
	rootObject = BD9CEA272864F92200E2AD09 /* Project object */;
}
